github.com/hypebeast/go-osc v0.0.0-20210408213458-3287e1838f40 h1:w+HdpjIfD+5Kb8aJ1KK9ROuqS9No/p0mSYTx/0XCASc=
github.com/hypebeast/go-osc v0.0.0-20210408213458-3287e1838f40/go.mod h1:lqMjoCs0y0GoRRujSPZRBaGb4c5ER6TfkFKSClxkMbY=
github.com/vizicist/portmidi v0.0.0-20210913231047-2a6612aaa69b h1:mC0dmITvIBLn5CWW/3bDGggV8NLZAk1JRenIDoZQRIY=
github.com/vizicist/portmidi v0.0.0-20210913231047-2a6612aaa69b/go.mod h1:5Em51CtYG1tLt1cF/ogs3N3N7q7LA6oM/tINYF+j+Zg=
